// !$*UTF8*$!
{
	archiveVersion = 1;
	classes = {
	};
	objectVersion = 50;
	objects = {

/* Begin PBXBuildFile section */
		53E3826522D701DD006DC899 /* AppDelegate.m in Sources */ = {isa = PBXBuildFile; fileRef = 53E3826422D701DD006DC899 /* AppDelegate.m */; };
		53E3826822D701DD006DC899 /* ViewController.m in Sources */ = {isa = PBXBuildFile; fileRef = 53E3826722D701DD006DC899 /* ViewController.m */; };
		53E3826B22D701DD006DC899 /* Main.storyboard in Resources */ = {isa = PBXBuildFile; fileRef = 53E3826922D701DD006DC899 /* Main.storyboard */; };
		53E3826D22D701DE006DC899 /* Assets.xcassets in Resources */ = {isa = PBXBuildFile; fileRef = 53E3826C22D701DE006DC899 /* Assets.xcassets */; };
		53E3827022D701DE006DC899 /* LaunchScreen.storyboard in Resources */ = {isa = PBXBuildFile; fileRef = 53E3826E22D701DE006DC899 /* LaunchScreen.storyboard */; };
		53E3827322D701DE006DC899 /* main.m in Sources */ = {isa = PBXBuildFile; fileRef = 53E3827222D701DE006DC899 /* main.m */; };
		53E3827B22D718F1006DC899 /* MyTableCell.m in Sources */ = {isa = PBXBuildFile; fileRef = 53E3827A22D718F1006DC899 /* MyTableCell.m */; };
		53E3827D22D73283006DC899 /* image.png in Resources */ = {isa = PBXBuildFile; fileRef = 53E3827C22D73283006DC899 /* image.png */; };
/* End PBXBuildFile section */

/* Begin PBXFileReference section */
		53E3826022D701DD006DC899 /* demo-table.app */ = {isa = PBXFileReference; explicitFileType = wrapper.application; includeInIndex = 0; path = "demo-table.app"; sourceTree = BUILT_PRODUCTS_DIR; };
		53E3826322D701DD006DC899 /* AppDelegate.h */ = {isa = PBXFileReference; lastKnownFileType = sourcecode.c.h; path = AppDelegate.h; sourceTree = "<group>"; };
		53E3826422D701DD006DC899 /* AppDelegate.m */ = {isa = PBXFileReference; lastKnownFileType = sourcecode.c.objc; path = AppDelegate.m; sourceTree = "<group>"; };
		53E3826622D701DD006DC899 /* ViewController.h */ = {isa = PBXFileReference; lastKnownFileType = sourcecode.c.h; path = ViewController.h; sourceTree = "<group>"; };
		53E3826722D701DD006DC899 /* ViewController.m */ = {isa = PBXFileReference; lastKnownFileType = sourcecode.c.objc; path = ViewController.m; sourceTree = "<group>"; };
		53E3826A22D701DD006DC899 /* Base */ = {isa = PBXFileReference; lastKnownFileType = file.storyboard; name = Base; path = Base.lproj/Main.storyboard; sourceTree = "<group>"; };
		53E3826C22D701DE006DC899 /* Assets.xcassets */ = {isa = PBXFileReference; lastKnownFileType = folder.assetcatalog; path = Assets.xcassets; sourceTree = "<group>"; };
		53E3826F22D701DE006DC899 /* Base */ = {isa = PBXFileReference; lastKnownFileType = file.storyboard; name = Base; path = Base.lproj/LaunchScreen.storyboard; sourceTree = "<group>"; };
		53E3827122D701DE006DC899 /* Info.plist */ = {isa = PBXFileReference; lastKnownFileType = text.plist.xml; path = Info.plist; sourceTree = "<group>"; };
		53E3827222D701DE006DC899 /* main.m */ = {isa = PBXFileReference; lastKnownFileType = sourcecode.c.objc; path = main.m; sourceTree = "<group>"; };
		53E3827922D718F1006DC899 /* MyTableCell.h */ = {isa = PBXFileReference; lastKnownFileType = sourcecode.c.h; path = MyTableCell.h; sourceTree = "<group>"; };
		53E3827A22D718F1006DC899 /* MyTableCell.m */ = {isa = PBXFileReference; lastKnownFileType = sourcecode.c.objc; path = MyTableCell.m; sourceTree = "<group>"; };
		53E3827C22D73283006DC899 /* image.png */ = {isa = PBXFileReference; lastKnownFileType = image.png; path = image.png; sourceTree = "<group>"; };
/* End PBXFileReference section */

/* Begin PBXFrameworksBuildPhase section */
		53E3825D22D701DD006DC899 /* Frameworks */ = {
			isa = PBXFrameworksBuildPhase;
			buildActionMask = 2147483647;
			files = (
			);
			runOnlyForDeploymentPostprocessing = 0;
		};
/* End PBXFrameworksBuildPhase section */

/* Begin PBXGroup section */
		53E3825722D701DD006DC899 = {
			isa = PBXGroup;
			children = (
				53E3826222D701DD006DC899 /* demo-table */,
				53E3826122D701DD006DC899 /* Products */,
			);
			sourceTree = "<group>";
		};
		53E3826122D701DD006DC899 /* Products */ = {
			isa = PBXGroup;
			children = (
				53E3826022D701DD006DC899 /* demo-table.app */,
			);
			name = Products;
			sourceTree = "<group>";
		};
		53E3826222D701DD006DC899 /* demo-table */ = {
			isa = PBXGroup;
			children = (
				53E3826322D701DD006DC899 /* AppDelegate.h */,
				53E3826422D701DD006DC899 /* AppDelegate.m */,
				53E3827C22D73283006DC899 /* image.png */,
				53E3826622D701DD006DC899 /* ViewController.h */,
				53E3826722D701DD006DC899 /* ViewController.m */,
				53E3827922D718F1006DC899 /* MyTableCell.h */,
				53E3827A22D718F1006DC899 /* MyTableCell.m */,
				53E3826922D701DD006DC899 /* Main.storyboard */,
				53E3826C22D701DE006DC899 /* Assets.xcassets */,
				53E3826E22D701DE006DC899 /* LaunchScreen.storyboard */,
				53E3827122D701DE006DC899 /* Info.plist */,
				53E3827222D701DE006DC899 /* main.m */,
			);
			path = "demo-table";
			sourceTree = "<group>";
		};
/* End PBXGroup section */

/* Begin PBXNativeTarget section */
		53E3825F22D701DD006DC899 /* demo-table */ = {
			isa = PBXNativeTarget;
			buildConfigurationList = 53E3827622D701DE006DC899 /* Build configuration list for PBXNativeTarget "demo-table" */;
			buildPhases = (
				53E3825C22D701DD006DC899 /* Sources */,
				53E3825D22D701DD006DC899 /* Frameworks */,
				53E3825E22D701DD006DC899 /* Resources */,
			);
			buildRules = (
			);
			dependencies = (
			);
			name = "demo-table";
			productName = "demo-quotes";
			productReference = 53E3826022D701DD006DC899 /* demo-table.app */;
			productType = "com.apple.product-type.application";
		};
/* End PBXNativeTarget section */

/* Begin PBXProject section */
		53E3825822D701DD006DC899 /* Project object */ = {
			isa = PBXProject;
			attributes = {
				LastUpgradeCheck = 1020;
				ORGANIZATIONNAME = "HAP-86";
				TargetAttributes = {
					53E3825F22D701DD006DC899 = {
						CreatedOnToolsVersion = 10.2.1;
					};
				};
			};
			buildConfigurationList = 53E3825B22D701DD006DC899 /* Build configuration list for PBXProject "demo-table" */;
			compatibilityVersion = "Xcode 9.3";
			developmentRegion = en;
			hasScannedForEncodings = 0;
			knownRegions = (
				en,
				Base,
			);
			mainGroup = 53E3825722D701DD006DC899;
			productRefGroup = 53E3826122D701DD006DC899 /* Products */;
			projectDirPath = "";
			projectRoot = "";
			targets = (
				53E3825F22D701DD006DC899 /* demo-table */,
			);
		};
/* End PBXProject section */

/* Begin PBXResourcesBuildPhase section */
		53E3825E22D701DD006DC899 /* Resources */ = {
			isa = PBXResourcesBuildPhase;
			buildActionMask = 2147483647;
			files = (
				53E3827022D701DE006DC899 /* LaunchScreen.storyboard in Resources */,
				53E3826D22D701DE006DC899 /* Assets.xcassets in Resources */,
				53E3826B22D701DD006DC899 /* Main.storyboard in Resources */,
				53E3827D22D73283006DC899 /* image.png in Resources */,
			);
			runOnlyForDeploymentPostprocessing = 0;
		};
/* End PBXResourcesBuildPhase section */

/* Begin PBXSourcesBuildPhase section */
		53E3825C22D701DD006DC899 /* Sources */ = {
			isa = PBXSourcesBuildPhase;
			buildActionMask = 2147483647;
			files = (
				53E3826822D701DD006DC899 /* ViewController.m in Sources */,
				53E3827322D701DE006DC899 /* main.m in Sources */,
				53E3827B22D718F1006DC899 /* MyTableCell.m in Sources */,
				53E3826522D701DD006DC899 /* AppDelegate.m in Sources */,
			);
			runOnlyForDeploymentPostprocessing = 0;
		};
/* End PBXSourcesBuildPhase section */

/* Begin PBXVariantGroup section */
		53E3826922D701DD006DC899 /* Main.storyboard */ = {
			isa = PBXVariantGroup;
			children = (
				53E3826A22D701DD006DC899 /* Base */,
			);
			name = Main.storyboard;
			sourceTree = "<group>";
		};
		53E3826E22D701DE006DC899 /* LaunchScreen.storyboard */ = {
			isa = PBXVariantGroup;
			children = (
				53E3826F22D701DE006DC899 /* Base */,
			);
			name = LaunchScreen.storyboard;
			sourceTree = "<group>";
		};
/* End PBXVariantGroup section */

/* Begin XCBuildConfiguration section */
		53E3827422D701DE006DC899 /* Debug */ = {
			isa = XCBuildConfiguration;
			buildSettings = {
				ALWAYS_SEARCH_USER_PATHS = NO;
				CLANG_ANALYZER_NONNULL = YES;
				CLANG_ANALYZER_NUMBER_OBJECT_CONVERSION = YES_AGGRESSIVE;
				CLANG_CXX_LANGUAGE_STANDARD = "gnu++14";
				CLANG_CXX_LIBRARY = "libc++";
				CLANG_ENABLE_MODULES = YES;
				CLANG_ENABLE_OBJC_ARC = YES;
				CLANG_ENABLE_OBJC_WEAK = YES;
				CLANG_WARN_BLOCK_CAPTURE_AUTORELEASING = YES;
				CLANG_WARN_BOOL_CONVERSION = YES;
				CLANG_WARN_COMMA = YES;
				CLANG_WARN_CONSTANT_CONVERSION = YES;
				CLANG_WARN_DEPRECATED_OBJC_IMPLEMENTATIONS = YES;
				CLANG_WARN_DIRECT_OBJC_ISA_USAGE = YES_ERROR;
				CLANG_WARN_DOCUMENTATION_COMMENTS = YES;
				CLANG_WARN_EMPTY_BODY = YES;
				CLANG_WARN_ENUM_CONVERSION = YES;
				CLANG_WARN_INFINITE_RECURSION = YES;
				CLANG_WARN_INT_CONVERSION = YES;
				CLANG_WARN_NON_LITERAL_NULL_CONVERSION = YES;
				CLANG_WARN_OBJC_IMPLICIT_RETAIN_SELF = YES;
				CLANG_WARN_OBJC_LITERAL_CONVERSION = YES;
				CLANG_WARN_OBJC_ROOT_CLASS = YES_ERROR;
				CLANG_WARN_RANGE_LOOP_ANALYSIS = YES;
				CLANG_WARN_STRICT_PROTOTYPES = YES;
				CLANG_WARN_SUSPICIOUS_MOVE = YES;
				CLANG_WARN_UNGUARDED_AVAILABILITY = YES_AGGRESSIVE;
				CLANG_WARN_UNREACHABLE_CODE = YES;
				CLANG_WARN__DUPLICATE_METHOD_MATCH = YES;
				CODE_SIGN_IDENTITY = "iPhone Developer";
				COPY_PHASE_STRIP = NO;
				DEBUG_INFORMATION_FORMAT = dwarf;
				ENABLE_STRICT_OBJC_MSGSEND = YES;
				ENABLE_TESTABILITY = YES;
				GCC_C_LANGUAGE_STANDARD = gnu11;
				GCC_DYNAMIC_NO_PIC = NO;
				GCC_NO_COMMON_BLOCKS = YES;
				GCC_OPTIMIZATION_LEVEL = 0;
				GCC_PREPROCESSOR_DEFINITIONS = (
					"DEBUG=1",
					"$(inherited)",
				);
				GCC_WARN_64_TO_32_BIT_CONVERSION = YES;
				GCC_WARN_ABOUT_RETURN_TYPE = YES_ERROR;
				GCC_WARN_UNDECLARED_SELECTOR = YES;
				GCC_WARN_UNINITIALIZED_AUTOS = YES_AGGRESSIVE;
				GCC_WARN_UNUSED_FUNCTION = YES;
				GCC_WARN_UNUSED_VARIABLE = YES;
				IPHONEOS_DEPLOYMENT_TARGET = 12.2;
				MTL_ENABLE_DEBUG_INFO = INCLUDE_SOURCE;
				MTL_FAST_MATH = YES;
				ONLY_ACTIVE_ARCH = YES;
				SDKROOT = iphoneos;
			};
			name = Debug;
		};
		53E3827522D701DE006DC899 /* Release */ = {
			isa = XCBuildConfiguration;
			buildSettings = {
				ALWAYS_SEARCH_USER_PATHS = NO;
				CLANG_ANALYZER_NONNULL = YES;
				CLANG_ANALYZER_NUMBER_OBJECT_CONVERSION = YES_AGGRESSIVE;
				CLANG_CXX_LANGUAGE_STANDARD = "gnu++14";
				CLANG_CXX_LIBRARY = "libc++";
				CLANG_ENABLE_MODULES = YES;
				CLANG_ENABLE_OBJC_ARC = YES;
				CLANG_ENABLE_OBJC_WEAK = YES;
				CLANG_WARN_BLOCK_CAPTURE_AUTORELEASING = YES;
				CLANG_WARN_BOOL_CONVERSION = YES;
				CLANG_WARN_COMMA = YES;
				CLANG_WARN_CONSTANT_CONVERSION = YES;
				CLANG_WARN_DEPRECATED_OBJC_IMPLEMENTATIONS = YES;
				CLANG_WARN_DIRECT_OBJC_ISA_USAGE = YES_ERROR;
				CLANG_WARN_DOCUMENTATION_COMMENTS = YES;
				CLANG_WARN_EMPTY_BODY = YES;
				CLANG_WARN_ENUM_CONVERSION = YES;
				CLANG_WARN_INFINITE_RECURSION = YES;
				CLANG_WARN_INT_CONVERSION = YES;
				CLANG_WARN_NON_LITERAL_NULL_CONVERSION = YES;
				CLANG_WARN_OBJC_IMPLICIT_RETAIN_SELF = YES;
				CLANG_WARN_OBJC_LITERAL_CONVERSION = YES;
				CLANG_WARN_OBJC_ROOT_CLASS = YES_ERROR;
				CLANG_WARN_RANGE_LOOP_ANALYSIS = YES;
				CLANG_WARN_STRICT_PROTOTYPES = YES;
				CLANG_WARN_SUSPICIOUS_MOVE = YES;
				CLANG_WARN_UNGUARDED_AVAILABILITY = YES_AGGRESSIVE;
				CLANG_WARN_UNREACHABLE_CODE = YES;
				CLANG_WARN__DUPLICATE_METHOD_MATCH = YES;
				CODE_SIGN_IDENTITY = "iPhone Developer";
				COPY_PHASE_STRIP = NO;
				DEBUG_INFORMATION_FORMAT = "dwarf-with-dsym";
				ENABLE_NS_ASSERTIONS = NO;
				ENABLE_STRICT_OBJC_MSGSEND = YES;
				GCC_C_LANGUAGE_STANDARD = gnu11;
				GCC_NO_COMMON_BLOCKS = YES;
				GCC_WARN_64_TO_32_BIT_CONVERSION = YES;
				GCC_WARN_ABOUT_RETURN_TYPE = YES_ERROR;
				GCC_WARN_UNDECLARED_SELECTOR = YES;
				GCC_WARN_UNINITIALIZED_AUTOS = YES_AGGRESSIVE;
				GCC_WARN_UNUSED_FUNCTION = YES;
				GCC_WARN_UNUSED_VARIABLE = YES;
				IPHONEOS_DEPLOYMENT_TARGET = 12.2;
				MTL_ENABLE_DEBUG_INFO = NO;
				MTL_FAST_MATH = YES;
				SDKROOT = iphoneos;
				VALIDATE_PRODUCT = YES;
			};
			name = Release;
		};
		53E3827722D701DE006DC899 /* Debug */ = {
			isa = XCBuildConfiguration;
			buildSettings = {
				ASSETCATALOG_COMPILER_APPICON_NAME = AppIcon;
				CODE_SIGN_STYLE = Automatic;
				INFOPLIST_FILE = "demo-table/Info.plist";
				LD_RUNPATH_SEARCH_PATHS = (
					"$(inherited)",
					"@executable_path/Frameworks",
				);
				PRODUCT_BUNDLE_IDENTIFIER = "sampras.demo.demo-table";
				PRODUCT_NAME = "$(TARGET_NAME)";
				TARGETED_DEVICE_FAMILY = "1,2";
			};
			name = Debug;
		};
		53E3827822D701DE006DC899 /* Release */ = {
			isa = XCBuildConfiguration;
			buildSettings = {
				ASSETCATALOG_COMPILER_APPICON_NAME = AppIcon;
				CODE_SIGN_STYLE = Automatic;
				INFOPLIST_FILE = "demo-table/Info.plist";
				LD_RUNPATH_SEARCH_PATHS = (
					"$(inherited)",
					"@executable_path/Frameworks",
				);
				PRODUCT_BUNDLE_IDENTIFIER = "sampras.demo.demo-table";
				PRODUCT_NAME = "$(TARGET_NAME)";
				TARGETED_DEVICE_FAMILY = "1,2";
			};
			name = Release;
		};
/* End XCBuildConfiguration section */

/* Begin XCConfigurationList section */
		53E3825B22D701DD006DC899 /* Build configuration list for PBXProject "demo-table" */ = {
			isa = XCConfigurationList;
			buildConfigurations = (
				53E3827422D701DE006DC899 /* Debug */,
				53E3827522D701DE006DC899 /* Release */,
			);
			defaultConfigurationIsVisible = 0;
			defaultConfigurationName = Release;
		};
		53E3827622D701DE006DC899 /* Build configuration list for PBXNativeTarget "demo-table" */ = {
			isa = XCConfigurationList;
			buildConfigurations = (
				53E3827722D701DE006DC899 /* Debug */,
				53E3827822D701DE006DC899 /* Release */,
			);
			defaultConfigurationIsVisible = 0;
			defaultConfigurationName = Release;
		};
/* End XCConfigurationList section */
	};
	rootObject = 53E3825822D701DD006DC899 /* Project object */;
}
