// !$*UTF8*$!
{
	archiveVersion = 1;
	classes = {
	};
	objectVersion = 50;
	objects = {

/* Begin PBXBuildFile section */
		535F4F8522D8475F0097CB0B /* AppDelegate.m in Sources */ = {isa = PBXBuildFile; fileRef = 535F4F8422D8475F0097CB0B /* AppDelegate.m */; };
		535F4F8822D8475F0097CB0B /* ViewController.m in Sources */ = {isa = PBXBuildFile; fileRef = 535F4F8722D8475F0097CB0B /* ViewController.m */; };
		535F4F8B22D8475F0097CB0B /* Main.storyboard in Resources */ = {isa = PBXBuildFile; fileRef = 535F4F8922D8475F0097CB0B /* Main.storyboard */; };
		535F4F8D22D847600097CB0B /* Assets.xcassets in Resources */ = {isa = PBXBuildFile; fileRef = 535F4F8C22D847600097CB0B /* Assets.xcassets */; };
		535F4F9022D847600097CB0B /* LaunchScreen.storyboard in Resources */ = {isa = PBXBuildFile; fileRef = 535F4F8E22D847600097CB0B /* LaunchScreen.storyboard */; };
		535F4F9322D847600097CB0B /* main.m in Sources */ = {isa = PBXBuildFile; fileRef = 535F4F9222D847600097CB0B /* main.m */; };
		535F4F9B22D8561D0097CB0B /* CustomTableViewCell.m in Sources */ = {isa = PBXBuildFile; fileRef = 535F4F9A22D8561D0097CB0B /* CustomTableViewCell.m */; };
		535F4F9F22D88DA20097CB0B /* image.png in Resources */ = {isa = PBXBuildFile; fileRef = 535F4F9E22D88DA20097CB0B /* image.png */; };
/* End PBXBuildFile section */

/* Begin PBXFileReference section */
		535F4F8022D8475F0097CB0B /* autolayout-table.app */ = {isa = PBXFileReference; explicitFileType = wrapper.application; includeInIndex = 0; path = "autolayout-table.app"; sourceTree = BUILT_PRODUCTS_DIR; };
		535F4F8322D8475F0097CB0B /* AppDelegate.h */ = {isa = PBXFileReference; lastKnownFileType = sourcecode.c.h; path = AppDelegate.h; sourceTree = "<group>"; };
		535F4F8422D8475F0097CB0B /* AppDelegate.m */ = {isa = PBXFileReference; lastKnownFileType = sourcecode.c.objc; path = AppDelegate.m; sourceTree = "<group>"; };
		535F4F8622D8475F0097CB0B /* ViewController.h */ = {isa = PBXFileReference; lastKnownFileType = sourcecode.c.h; path = ViewController.h; sourceTree = "<group>"; };
		535F4F8722D8475F0097CB0B /* ViewController.m */ = {isa = PBXFileReference; lastKnownFileType = sourcecode.c.objc; path = ViewController.m; sourceTree = "<group>"; };
		535F4F8A22D8475F0097CB0B /* Base */ = {isa = PBXFileReference; lastKnownFileType = file.storyboard; name = Base; path = Base.lproj/Main.storyboard; sourceTree = "<group>"; };
		535F4F8C22D847600097CB0B /* Assets.xcassets */ = {isa = PBXFileReference; lastKnownFileType = folder.assetcatalog; path = Assets.xcassets; sourceTree = "<group>"; };
		535F4F8F22D847600097CB0B /* Base */ = {isa = PBXFileReference; lastKnownFileType = file.storyboard; name = Base; path = Base.lproj/LaunchScreen.storyboard; sourceTree = "<group>"; };
		535F4F9122D847600097CB0B /* Info.plist */ = {isa = PBXFileReference; lastKnownFileType = text.plist.xml; path = Info.plist; sourceTree = "<group>"; };
		535F4F9222D847600097CB0B /* main.m */ = {isa = PBXFileReference; lastKnownFileType = sourcecode.c.objc; path = main.m; sourceTree = "<group>"; };
		535F4F9922D8561D0097CB0B /* CustomTableViewCell.h */ = {isa = PBXFileReference; lastKnownFileType = sourcecode.c.h; path = CustomTableViewCell.h; sourceTree = "<group>"; };
		535F4F9A22D8561D0097CB0B /* CustomTableViewCell.m */ = {isa = PBXFileReference; lastKnownFileType = sourcecode.c.objc; path = CustomTableViewCell.m; sourceTree = "<group>"; };
		535F4F9E22D88DA20097CB0B /* image.png */ = {isa = PBXFileReference; lastKnownFileType = image.png; name = image.png; path = Assets.xcassets/image.png; sourceTree = "<group>"; };
/* End PBXFileReference section */

/* Begin PBXFrameworksBuildPhase section */
		535F4F7D22D8475F0097CB0B /* Frameworks */ = {
			isa = PBXFrameworksBuildPhase;
			buildActionMask = 2147483647;
			files = (
			);
			runOnlyForDeploymentPostprocessing = 0;
		};
/* End PBXFrameworksBuildPhase section */

/* Begin PBXGroup section */
		535F4F7722D8475F0097CB0B = {
			isa = PBXGroup;
			children = (
				535F4F8222D8475F0097CB0B /* autolayout-table */,
				535F4F8122D8475F0097CB0B /* Products */,
			);
			sourceTree = "<group>";
		};
		535F4F8122D8475F0097CB0B /* Products */ = {
			isa = PBXGroup;
			children = (
				535F4F8022D8475F0097CB0B /* autolayout-table.app */,
			);
			name = Products;
			sourceTree = "<group>";
		};
		535F4F8222D8475F0097CB0B /* autolayout-table */ = {
			isa = PBXGroup;
			children = (
				535F4F8322D8475F0097CB0B /* AppDelegate.h */,
				535F4F8422D8475F0097CB0B /* AppDelegate.m */,
				535F4F8622D8475F0097CB0B /* ViewController.h */,
				535F4F8722D8475F0097CB0B /* ViewController.m */,
				535F4F9922D8561D0097CB0B /* CustomTableViewCell.h */,
				535F4F9E22D88DA20097CB0B /* image.png */,
				535F4F9A22D8561D0097CB0B /* CustomTableViewCell.m */,
				535F4F8922D8475F0097CB0B /* Main.storyboard */,
				535F4F8C22D847600097CB0B /* Assets.xcassets */,
				535F4F8E22D847600097CB0B /* LaunchScreen.storyboard */,
				535F4F9122D847600097CB0B /* Info.plist */,
				535F4F9222D847600097CB0B /* main.m */,
			);
			path = "autolayout-table";
			sourceTree = "<group>";
		};
/* End PBXGroup section */

/* Begin PBXNativeTarget section */
		535F4F7F22D8475F0097CB0B /* autolayout-table */ = {
			isa = PBXNativeTarget;
			buildConfigurationList = 535F4F9622D847600097CB0B /* Build configuration list for PBXNativeTarget "autolayout-table" */;
			buildPhases = (
				535F4F7C22D8475F0097CB0B /* Sources */,
				535F4F7D22D8475F0097CB0B /* Frameworks */,
				535F4F7E22D8475F0097CB0B /* Resources */,
			);
			buildRules = (
			);
			dependencies = (
			);
			name = "autolayout-table";
			productName = "autolayout-table";
			productReference = 535F4F8022D8475F0097CB0B /* autolayout-table.app */;
			productType = "com.apple.product-type.application";
		};
/* End PBXNativeTarget section */

/* Begin PBXProject section */
		535F4F7822D8475F0097CB0B /* Project object */ = {
			isa = PBXProject;
			attributes = {
				LastUpgradeCheck = 1020;
				ORGANIZATIONNAME = "HAP-86";
				TargetAttributes = {
					535F4F7F22D8475F0097CB0B = {
						CreatedOnToolsVersion = 10.2.1;
					};
				};
			};
			buildConfigurationList = 535F4F7B22D8475F0097CB0B /* Build configuration list for PBXProject "autolayout-table" */;
			compatibilityVersion = "Xcode 9.3";
			developmentRegion = en;
			hasScannedForEncodings = 0;
			knownRegions = (
				en,
				Base,
			);
			mainGroup = 535F4F7722D8475F0097CB0B;
			productRefGroup = 535F4F8122D8475F0097CB0B /* Products */;
			projectDirPath = "";
			projectRoot = "";
			targets = (
				535F4F7F22D8475F0097CB0B /* autolayout-table */,
			);
		};
/* End PBXProject section */

/* Begin PBXResourcesBuildPhase section */
		535F4F7E22D8475F0097CB0B /* Resources */ = {
			isa = PBXResourcesBuildPhase;
			buildActionMask = 2147483647;
			files = (
				535F4F9022D847600097CB0B /* LaunchScreen.storyboard in Resources */,
				535F4F8D22D847600097CB0B /* Assets.xcassets in Resources */,
				535F4F8B22D8475F0097CB0B /* Main.storyboard in Resources */,
				535F4F9F22D88DA20097CB0B /* image.png in Resources */,
			);
			runOnlyForDeploymentPostprocessing = 0;
		};
/* End PBXResourcesBuildPhase section */

/* Begin PBXSourcesBuildPhase section */
		535F4F7C22D8475F0097CB0B /* Sources */ = {
			isa = PBXSourcesBuildPhase;
			buildActionMask = 2147483647;
			files = (
				535F4F8822D8475F0097CB0B /* ViewController.m in Sources */,
				535F4F9322D847600097CB0B /* main.m in Sources */,
				535F4F9B22D8561D0097CB0B /* CustomTableViewCell.m in Sources */,
				535F4F8522D8475F0097CB0B /* AppDelegate.m in Sources */,
			);
			runOnlyForDeploymentPostprocessing = 0;
		};
/* End PBXSourcesBuildPhase section */

/* Begin PBXVariantGroup section */
		535F4F8922D8475F0097CB0B /* Main.storyboard */ = {
			isa = PBXVariantGroup;
			children = (
				535F4F8A22D8475F0097CB0B /* Base */,
			);
			name = Main.storyboard;
			sourceTree = "<group>";
		};
		535F4F8E22D847600097CB0B /* LaunchScreen.storyboard */ = {
			isa = PBXVariantGroup;
			children = (
				535F4F8F22D847600097CB0B /* Base */,
			);
			name = LaunchScreen.storyboard;
			sourceTree = "<group>";
		};
/* End PBXVariantGroup section */

/* Begin XCBuildConfiguration section */
		535F4F9422D847600097CB0B /* Debug */ = {
			isa = XCBuildConfiguration;
			buildSettings = {
				ALWAYS_SEARCH_USER_PATHS = NO;
				CLANG_ANALYZER_NONNULL = YES;
				CLANG_ANALYZER_NUMBER_OBJECT_CONVERSION = YES_AGGRESSIVE;
				CLANG_CXX_LANGUAGE_STANDARD = "gnu++14";
				CLANG_CXX_LIBRARY = "libc++";
				CLANG_ENABLE_MODULES = YES;
				CLANG_ENABLE_OBJC_ARC = YES;
				CLANG_ENABLE_OBJC_WEAK = YES;
				CLANG_WARN_BLOCK_CAPTURE_AUTORELEASING = YES;
				CLANG_WARN_BOOL_CONVERSION = YES;
				CLANG_WARN_COMMA = YES;
				CLANG_WARN_CONSTANT_CONVERSION = YES;
				CLANG_WARN_DEPRECATED_OBJC_IMPLEMENTATIONS = YES;
				CLANG_WARN_DIRECT_OBJC_ISA_USAGE = YES_ERROR;
				CLANG_WARN_DOCUMENTATION_COMMENTS = YES;
				CLANG_WARN_EMPTY_BODY = YES;
				CLANG_WARN_ENUM_CONVERSION = YES;
				CLANG_WARN_INFINITE_RECURSION = YES;
				CLANG_WARN_INT_CONVERSION = YES;
				CLANG_WARN_NON_LITERAL_NULL_CONVERSION = YES;
				CLANG_WARN_OBJC_IMPLICIT_RETAIN_SELF = YES;
				CLANG_WARN_OBJC_LITERAL_CONVERSION = YES;
				CLANG_WARN_OBJC_ROOT_CLASS = YES_ERROR;
				CLANG_WARN_RANGE_LOOP_ANALYSIS = YES;
				CLANG_WARN_STRICT_PROTOTYPES = YES;
				CLANG_WARN_SUSPICIOUS_MOVE = YES;
				CLANG_WARN_UNGUARDED_AVAILABILITY = YES_AGGRESSIVE;
				CLANG_WARN_UNREACHABLE_CODE = YES;
				CLANG_WARN__DUPLICATE_METHOD_MATCH = YES;
				CODE_SIGN_IDENTITY = "iPhone Developer";
				COPY_PHASE_STRIP = NO;
				DEBUG_INFORMATION_FORMAT = dwarf;
				ENABLE_STRICT_OBJC_MSGSEND = YES;
				ENABLE_TESTABILITY = YES;
				GCC_C_LANGUAGE_STANDARD = gnu11;
				GCC_DYNAMIC_NO_PIC = NO;
				GCC_NO_COMMON_BLOCKS = YES;
				GCC_OPTIMIZATION_LEVEL = 0;
				GCC_PREPROCESSOR_DEFINITIONS = (
					"DEBUG=1",
					"$(inherited)",
				);
				GCC_WARN_64_TO_32_BIT_CONVERSION = YES;
				GCC_WARN_ABOUT_RETURN_TYPE = YES_ERROR;
				GCC_WARN_UNDECLARED_SELECTOR = YES;
				GCC_WARN_UNINITIALIZED_AUTOS = YES_AGGRESSIVE;
				GCC_WARN_UNUSED_FUNCTION = YES;
				GCC_WARN_UNUSED_VARIABLE = YES;
				IPHONEOS_DEPLOYMENT_TARGET = 12.2;
				MTL_ENABLE_DEBUG_INFO = INCLUDE_SOURCE;
				MTL_FAST_MATH = YES;
				ONLY_ACTIVE_ARCH = YES;
				SDKROOT = iphoneos;
			};
			name = Debug;
		};
		535F4F9522D847600097CB0B /* Release */ = {
			isa = XCBuildConfiguration;
			buildSettings = {
				ALWAYS_SEARCH_USER_PATHS = NO;
				CLANG_ANALYZER_NONNULL = YES;
				CLANG_ANALYZER_NUMBER_OBJECT_CONVERSION = YES_AGGRESSIVE;
				CLANG_CXX_LANGUAGE_STANDARD = "gnu++14";
				CLANG_CXX_LIBRARY = "libc++";
				CLANG_ENABLE_MODULES = YES;
				CLANG_ENABLE_OBJC_ARC = YES;
				CLANG_ENABLE_OBJC_WEAK = YES;
				CLANG_WARN_BLOCK_CAPTURE_AUTORELEASING = YES;
				CLANG_WARN_BOOL_CONVERSION = YES;
				CLANG_WARN_COMMA = YES;
				CLANG_WARN_CONSTANT_CONVERSION = YES;
				CLANG_WARN_DEPRECATED_OBJC_IMPLEMENTATIONS = YES;
				CLANG_WARN_DIRECT_OBJC_ISA_USAGE = YES_ERROR;
				CLANG_WARN_DOCUMENTATION_COMMENTS = YES;
				CLANG_WARN_EMPTY_BODY = YES;
				CLANG_WARN_ENUM_CONVERSION = YES;
				CLANG_WARN_INFINITE_RECURSION = YES;
				CLANG_WARN_INT_CONVERSION = YES;
				CLANG_WARN_NON_LITERAL_NULL_CONVERSION = YES;
				CLANG_WARN_OBJC_IMPLICIT_RETAIN_SELF = YES;
				CLANG_WARN_OBJC_LITERAL_CONVERSION = YES;
				CLANG_WARN_OBJC_ROOT_CLASS = YES_ERROR;
				CLANG_WARN_RANGE_LOOP_ANALYSIS = YES;
				CLANG_WARN_STRICT_PROTOTYPES = YES;
				CLANG_WARN_SUSPICIOUS_MOVE = YES;
				CLANG_WARN_UNGUARDED_AVAILABILITY = YES_AGGRESSIVE;
				CLANG_WARN_UNREACHABLE_CODE = YES;
				CLANG_WARN__DUPLICATE_METHOD_MATCH = YES;
				CODE_SIGN_IDENTITY = "iPhone Developer";
				COPY_PHASE_STRIP = NO;
				DEBUG_INFORMATION_FORMAT = "dwarf-with-dsym";
				ENABLE_NS_ASSERTIONS = NO;
				ENABLE_STRICT_OBJC_MSGSEND = YES;
				GCC_C_LANGUAGE_STANDARD = gnu11;
				GCC_NO_COMMON_BLOCKS = YES;
				GCC_WARN_64_TO_32_BIT_CONVERSION = YES;
				GCC_WARN_ABOUT_RETURN_TYPE = YES_ERROR;
				GCC_WARN_UNDECLARED_SELECTOR = YES;
				GCC_WARN_UNINITIALIZED_AUTOS = YES_AGGRESSIVE;
				GCC_WARN_UNUSED_FUNCTION = YES;
				GCC_WARN_UNUSED_VARIABLE = YES;
				IPHONEOS_DEPLOYMENT_TARGET = 12.2;
				MTL_ENABLE_DEBUG_INFO = NO;
				MTL_FAST_MATH = YES;
				SDKROOT = iphoneos;
				VALIDATE_PRODUCT = YES;
			};
			name = Release;
		};
		535F4F9722D847600097CB0B /* Debug */ = {
			isa = XCBuildConfiguration;
			buildSettings = {
				ASSETCATALOG_COMPILER_APPICON_NAME = AppIcon;
				CODE_SIGN_STYLE = Automatic;
				INFOPLIST_FILE = "autolayout-table/Info.plist";
				LD_RUNPATH_SEARCH_PATHS = (
					"$(inherited)",
					"@executable_path/Frameworks",
				);
				PRODUCT_BUNDLE_IDENTIFIER = "sampras.demo.autolayout-table";
				PRODUCT_NAME = "$(TARGET_NAME)";
				TARGETED_DEVICE_FAMILY = "1,2";
			};
			name = Debug;
		};
		535F4F9822D847600097CB0B /* Release */ = {
			isa = XCBuildConfiguration;
			buildSettings = {
				ASSETCATALOG_COMPILER_APPICON_NAME = AppIcon;
				CODE_SIGN_STYLE = Automatic;
				INFOPLIST_FILE = "autolayout-table/Info.plist";
				LD_RUNPATH_SEARCH_PATHS = (
					"$(inherited)",
					"@executable_path/Frameworks",
				);
				PRODUCT_BUNDLE_IDENTIFIER = "sampras.demo.autolayout-table";
				PRODUCT_NAME = "$(TARGET_NAME)";
				TARGETED_DEVICE_FAMILY = "1,2";
			};
			name = Release;
		};
/* End XCBuildConfiguration section */

/* Begin XCConfigurationList section */
		535F4F7B22D8475F0097CB0B /* Build configuration list for PBXProject "autolayout-table" */ = {
			isa = XCConfigurationList;
			buildConfigurations = (
				535F4F9422D847600097CB0B /* Debug */,
				535F4F9522D847600097CB0B /* Release */,
			);
			defaultConfigurationIsVisible = 0;
			defaultConfigurationName = Release;
		};
		535F4F9622D847600097CB0B /* Build configuration list for PBXNativeTarget "autolayout-table" */ = {
			isa = XCConfigurationList;
			buildConfigurations = (
				535F4F9722D847600097CB0B /* Debug */,
				535F4F9822D847600097CB0B /* Release */,
			);
			defaultConfigurationIsVisible = 0;
			defaultConfigurationName = Release;
		};
/* End XCConfigurationList section */
	};
	rootObject = 535F4F7822D8475F0097CB0B /* Project object */;
}
